<?xml version="1.0" encoding="utf-8"?>
<Project ToolsVersion="4.0" xmlns="http://schemas.microsoft.com/developer/msbuild/2003">
  <ItemGroup>
    <Filter Include="engine">
      <UniqueIdentifier>{FBDB78FB-E77D-A3D1-D038-B725BC792A22}</UniqueIdentifier>
    </Filter>
    <Filter Include="engine\default_scripts">
      <UniqueIdentifier>{F6DBCA7D-E2D5-F3CF-CB42-8AE0B7DB593C}</UniqueIdentifier>
    </Filter>
    <Filter Include="engine\object_default">
      <UniqueIdentifier>{E59C58C5-5109-14C0-1AFD-AB1D86283628}</UniqueIdentifier>
    </Filter>
    <Filter Include="engine\systems">
      <UniqueIdentifier>{229548B5-0E63-3CBB-F7F6-ACE1E3631820}</UniqueIdentifier>
    </Filter>
    <Filter Include="imgui_impl">
      <UniqueIdentifier>{3122BAAF-1DDA-FBFC-86E1-D45872B896ED}</UniqueIdentifier>
    </Filter>
  </ItemGroup>
  <ItemGroup>
    <ClInclude Include="src\EngineCore.h" />
    <ClInclude Include="src\EngineMeta.h" />
    <ClInclude Include="src\engine\Engine.h">
      <Filter>engine</Filter>
    </ClInclude>
    <ClInclude Include="src\engine\FormatStr.h">
      <Filter>engine</Filter>
    </ClInclude>
    <ClInclude Include="src\engine\Helpers.h">
      <Filter>engine</Filter>
    </ClInclude>
    <ClInclude Include="src\engine\Logger.h">
      <Filter>engine</Filter>
    </ClInclude>
    <ClInclude Include="src\engine\Settings.h">
      <Filter>engine</Filter>
    </ClInclude>
    <ClInclude Include="src\engine\Types.h">
      <Filter>engine</Filter>
    </ClInclude>
    <ClInclude Include="src\engine\default_scripts\Script.h">
      <Filter>engine\default_scripts</Filter>
    </ClInclude>
    <ClInclude Include="src\engine\object_default\Circle.h">
      <Filter>engine\object_default</Filter>
    </ClInclude>
    <ClInclude Include="src\engine\object_default\Object.h">
      <Filter>engine\object_default</Filter>
    </ClInclude>
    <ClInclude Include="src\engine\object_default\Sprite.h">
      <Filter>engine\object_default</Filter>
    </ClInclude>
    <ClInclude Include="src\engine\systems\Input.h">
      <Filter>engine\systems</Filter>
    </ClInclude>
    <ClInclude Include="src\engine\systems\Reflection.h">
      <Filter>engine\systems</Filter>
    </ClInclude>
    <ClInclude Include="src\engine\systems\Scene.h">
      <Filter>engine\systems</Filter>
    </ClInclude>
    <ClInclude Include="src\pch.h" />
  </ItemGroup>
  <ItemGroup>
    <ClCompile Include="src\engine\Engine.cpp">
      <Filter>engine</Filter>
    </ClCompile>
    <ClCompile Include="src\engine\Helpers.cpp">
      <Filter>engine</Filter>
    </ClCompile>
    <ClCompile Include="src\engine\Logger.cpp">
      <Filter>engine</Filter>
    </ClCompile>
    <ClCompile Include="src\engine\default_scripts\Script.cpp">
      <Filter>engine\default_scripts</Filter>
    </ClCompile>
    <ClCompile Include="src\engine\object_default\Circle.cpp">
      <Filter>engine\object_default</Filter>
    </ClCompile>
    <ClCompile Include="src\engine\object_default\Sprite.cpp">
      <Filter>engine\object_default</Filter>
    </ClCompile>
    <ClCompile Include="src\engine\systems\Input.cpp">
      <Filter>engine\systems</Filter>
    </ClCompile>
    <ClCompile Include="src\engine\systems\Reflection.cpp">
      <Filter>engine\systems</Filter>
    </ClCompile>
    <ClCompile Include="src\engine\systems\Scene.cpp">
      <Filter>engine\systems</Filter>
    </ClCompile>
    <ClCompile Include="src\imgui_impl\imgui-SFML.cpp">
      <Filter>imgui_impl</Filter>
    </ClCompile>
    <ClCompile Include="src\imgui_impl\imgui.cpp">
      <Filter>imgui_impl</Filter>
    </ClCompile>
    <ClCompile Include="src\imgui_impl\imgui_demo.cpp">
      <Filter>imgui_impl</Filter>
    </ClCompile>
    <ClCompile Include="src\imgui_impl\imgui_draw.cpp">
      <Filter>imgui_impl</Filter>
    </ClCompile>
    <ClCompile Include="src\imgui_impl\imgui_tables.cpp">
      <Filter>imgui_impl</Filter>
    </ClCompile>
    <ClCompile Include="src\imgui_impl\imgui_widgets.cpp">
      <Filter>imgui_impl</Filter>
    </ClCompile>
    <ClCompile Include="src\pch.cpp" />
  </ItemGroup>
</Project>